
Microsoft Visual Studio Solution File, Format Version 12.00
# Visual Studio Version 17
VisualStudioVersion = 17.3.32901.215
MinimumVisualStudioVersion = 10.0.40219.1
Project("{9A19103F-16F7-4668-BE54-9A1E7A4F7556}") = "BankDada", "BankDada\BankDada.csproj", "{6BCCFD27-146C-4092-9B33-A2AEE9855B86}"
EndProject
Project("{2150E333-8FDC-42A3-9474-1A3956D46DE8}") = "controller", "controller", "{592072A2-B206-45EE-934C-B49AC2087075}"
EndProject
Project("{2150E333-8FDC-42A3-9474-1A3956D46DE8}") = "service", "service", "{98178941-35B1-4D32-98BF-331227279D53}"
EndProject
Project("{2150E333-8FDC-42A3-9474-1A3956D46DE8}") = "data", "data", "{50A8CBA9-A7E3-4F7F-84A8-A37FB0262A2D}"
EndProject
Project("{9A19103F-16F7-4668-BE54-9A1E7A4F7556}") = "bank-Model", "bank-Model\bank-Model.csproj", "{16B7BA95-D2F4-44AB-B95D-F99AC13B73BF}"
EndProject
Project("{9A19103F-16F7-4668-BE54-9A1E7A4F7556}") = "Bank.Service.BL", "Bank.Service.BL\Bank.Service.BL.csproj", "{F9D76D15-ECF8-4791-8764-BA51FBA4B9AB}"
EndProject
Project("{9A19103F-16F7-4668-BE54-9A1E7A4F7556}") = "Bank.Service.DAL", "Bank.Service.DAL\Bank.Service.DAL.csproj", "{3FF16AC8-5279-4A2F-8B60-C57F732E5573}"
EndProject
Global
	GlobalSection(SolutionConfigurationPlatforms) = preSolution
		Debug|Any CPU = Debug|Any CPU
		Debug|ARM = Debug|ARM
		Debug|ARM64 = Debug|ARM64
		Debug|x64 = Debug|x64
		Debug|x86 = Debug|x86
		Release|Any CPU = Release|Any CPU
		Release|ARM = Release|ARM
		Release|ARM64 = Release|ARM64
		Release|x64 = Release|x64
		Release|x86 = Release|x86
	EndGlobalSection
	GlobalSection(ProjectConfigurationPlatforms) = postSolution
		{6BCCFD27-146C-4092-9B33-A2AEE9855B86}.Debug|Any CPU.ActiveCfg = Debug|Any CPU
		{6BCCFD27-146C-4092-9B33-A2AEE9855B86}.Debug|Any CPU.Build.0 = Debug|Any CPU
		{6BCCFD27-146C-4092-9B33-A2AEE9855B86}.Debug|ARM.ActiveCfg = Debug|Any CPU
		{6BCCFD27-146C-4092-9B33-A2AEE9855B86}.Debug|ARM.Build.0 = Debug|Any CPU
		{6BCCFD27-146C-4092-9B33-A2AEE9855B86}.Debug|ARM64.ActiveCfg = Debug|Any CPU
		{6BCCFD27-146C-4092-9B33-A2AEE9855B86}.Debug|ARM64.Build.0 = Debug|Any CPU
		{6BCCFD27-146C-4092-9B33-A2AEE9855B86}.Debug|x64.ActiveCfg = Debug|Any CPU
		{6BCCFD27-146C-4092-9B33-A2AEE9855B86}.Debug|x64.Build.0 = Debug|Any CPU
		{6BCCFD27-146C-4092-9B33-A2AEE9855B86}.Debug|x86.ActiveCfg = Debug|Any CPU
		{6BCCFD27-146C-4092-9B33-A2AEE9855B86}.Debug|x86.Build.0 = Debug|Any CPU
		{6BCCFD27-146C-4092-9B33-A2AEE9855B86}.Release|Any CPU.ActiveCfg = Release|Any CPU
		{6BCCFD27-146C-4092-9B33-A2AEE9855B86}.Release|Any CPU.Build.0 = Release|Any CPU
		{6BCCFD27-146C-4092-9B33-A2AEE9855B86}.Release|ARM.ActiveCfg = Release|Any CPU
		{6BCCFD27-146C-4092-9B33-A2AEE9855B86}.Release|ARM.Build.0 = Release|Any CPU
		{6BCCFD27-146C-4092-9B33-A2AEE9855B86}.Release|ARM64.ActiveCfg = Release|Any CPU
		{6BCCFD27-146C-4092-9B33-A2AEE9855B86}.Release|ARM64.Build.0 = Release|Any CPU
		{6BCCFD27-146C-4092-9B33-A2AEE9855B86}.Release|x64.ActiveCfg = Release|Any CPU
		{6BCCFD27-146C-4092-9B33-A2AEE9855B86}.Release|x64.Build.0 = Release|Any CPU
		{6BCCFD27-146C-4092-9B33-A2AEE9855B86}.Release|x86.ActiveCfg = Release|Any CPU
		{6BCCFD27-146C-4092-9B33-A2AEE9855B86}.Release|x86.Build.0 = Release|Any CPU
		{16B7BA95-D2F4-44AB-B95D-F99AC13B73BF}.Debug|Any CPU.ActiveCfg = Debug|Any CPU
		{16B7BA95-D2F4-44AB-B95D-F99AC13B73BF}.Debug|Any CPU.Build.0 = Debug|Any CPU
		{16B7BA95-D2F4-44AB-B95D-F99AC13B73BF}.Debug|ARM.ActiveCfg = Debug|Any CPU
		{16B7BA95-D2F4-44AB-B95D-F99AC13B73BF}.Debug|ARM.Build.0 = Debug|Any CPU
		{16B7BA95-D2F4-44AB-B95D-F99AC13B73BF}.Debug|ARM64.ActiveCfg = Debug|Any CPU
		{16B7BA95-D2F4-44AB-B95D-F99AC13B73BF}.Debug|ARM64.Build.0 = Debug|Any CPU
		{16B7BA95-D2F4-44AB-B95D-F99AC13B73BF}.Debug|x64.ActiveCfg = Debug|Any CPU
		{16B7BA95-D2F4-44AB-B95D-F99AC13B73BF}.Debug|x64.Build.0 = Debug|Any CPU
		{16B7BA95-D2F4-44AB-B95D-F99AC13B73BF}.Debug|x86.ActiveCfg = Debug|Any CPU
		{16B7BA95-D2F4-44AB-B95D-F99AC13B73BF}.Debug|x86.Build.0 = Debug|Any CPU
		{16B7BA95-D2F4-44AB-B95D-F99AC13B73BF}.Release|Any CPU.ActiveCfg = Release|Any CPU
		{16B7BA95-D2F4-44AB-B95D-F99AC13B73BF}.Release|Any CPU.Build.0 = Release|Any CPU
		{16B7BA95-D2F4-44AB-B95D-F99AC13B73BF}.Release|ARM.ActiveCfg = Release|Any CPU
		{16B7BA95-D2F4-44AB-B95D-F99AC13B73BF}.Release|ARM.Build.0 = Release|Any CPU
		{16B7BA95-D2F4-44AB-B95D-F99AC13B73BF}.Release|ARM64.ActiveCfg = Release|Any CPU
		{16B7BA95-D2F4-44AB-B95D-F99AC13B73BF}.Release|ARM64.Build.0 = Release|Any CPU
		{16B7BA95-D2F4-44AB-B95D-F99AC13B73BF}.Release|x64.ActiveCfg = Release|Any CPU
		{16B7BA95-D2F4-44AB-B95D-F99AC13B73BF}.Release|x64.Build.0 = Release|Any CPU
		{16B7BA95-D2F4-44AB-B95D-F99AC13B73BF}.Release|x86.ActiveCfg = Release|Any CPU
		{16B7BA95-D2F4-44AB-B95D-F99AC13B73BF}.Release|x86.Build.0 = Release|Any CPU
		{F9D76D15-ECF8-4791-8764-BA51FBA4B9AB}.Debug|Any CPU.ActiveCfg = Debug|Any CPU
		{F9D76D15-ECF8-4791-8764-BA51FBA4B9AB}.Debug|Any CPU.Build.0 = Debug|Any CPU
		{F9D76D15-ECF8-4791-8764-BA51FBA4B9AB}.Debug|ARM.ActiveCfg = Debug|Any CPU
		{F9D76D15-ECF8-4791-8764-BA51FBA4B9AB}.Debug|ARM.Build.0 = Debug|Any CPU
		{F9D76D15-ECF8-4791-8764-BA51FBA4B9AB}.Debug|ARM64.ActiveCfg = Debug|Any CPU
		{F9D76D15-ECF8-4791-8764-BA51FBA4B9AB}.Debug|ARM64.Build.0 = Debug|Any CPU
		{F9D76D15-ECF8-4791-8764-BA51FBA4B9AB}.Debug|x64.ActiveCfg = Debug|Any CPU
		{F9D76D15-ECF8-4791-8764-BA51FBA4B9AB}.Debug|x64.Build.0 = Debug|Any CPU
		{F9D76D15-ECF8-4791-8764-BA51FBA4B9AB}.Debug|x86.ActiveCfg = Debug|Any CPU
		{F9D76D15-ECF8-4791-8764-BA51FBA4B9AB}.Debug|x86.Build.0 = Debug|Any CPU
		{F9D76D15-ECF8-4791-8764-BA51FBA4B9AB}.Release|Any CPU.ActiveCfg = Release|Any CPU
		{F9D76D15-ECF8-4791-8764-BA51FBA4B9AB}.Release|Any CPU.Build.0 = Release|Any CPU
		{F9D76D15-ECF8-4791-8764-BA51FBA4B9AB}.Release|ARM.ActiveCfg = Release|Any CPU
		{F9D76D15-ECF8-4791-8764-BA51FBA4B9AB}.Release|ARM.Build.0 = Release|Any CPU
		{F9D76D15-ECF8-4791-8764-BA51FBA4B9AB}.Release|ARM64.ActiveCfg = Release|Any CPU
		{F9D76D15-ECF8-4791-8764-BA51FBA4B9AB}.Release|ARM64.Build.0 = Release|Any CPU
		{F9D76D15-ECF8-4791-8764-BA51FBA4B9AB}.Release|x64.ActiveCfg = Release|Any CPU
		{F9D76D15-ECF8-4791-8764-BA51FBA4B9AB}.Release|x64.Build.0 = Release|Any CPU
		{F9D76D15-ECF8-4791-8764-BA51FBA4B9AB}.Release|x86.ActiveCfg = Release|Any CPU
		{F9D76D15-ECF8-4791-8764-BA51FBA4B9AB}.Release|x86.Build.0 = Release|Any CPU
		{3FF16AC8-5279-4A2F-8B60-C57F732E5573}.Debug|Any CPU.ActiveCfg = Debug|Any CPU
		{3FF16AC8-5279-4A2F-8B60-C57F732E5573}.Debug|Any CPU.Build.0 = Debug|Any CPU
		{3FF16AC8-5279-4A2F-8B60-C57F732E5573}.Debug|ARM.ActiveCfg = Debug|Any CPU
		{3FF16AC8-5279-4A2F-8B60-C57F732E5573}.Debug|ARM.Build.0 = Debug|Any CPU
		{3FF16AC8-5279-4A2F-8B60-C57F732E5573}.Debug|ARM64.ActiveCfg = Debug|Any CPU
		{3FF16AC8-5279-4A2F-8B60-C57F732E5573}.Debug|ARM64.Build.0 = Debug|Any CPU
		{3FF16AC8-5279-4A2F-8B60-C57F732E5573}.Debug|x64.ActiveCfg = Debug|Any CPU
		{3FF16AC8-5279-4A2F-8B60-C57F732E5573}.Debug|x64.Build.0 = Debug|Any CPU
		{3FF16AC8-5279-4A2F-8B60-C57F732E5573}.Debug|x86.ActiveCfg = Debug|Any CPU
		{3FF16AC8-5279-4A2F-8B60-C57F732E5573}.Debug|x86.Build.0 = Debug|Any CPU
		{3FF16AC8-5279-4A2F-8B60-C57F732E5573}.Release|Any CPU.ActiveCfg = Release|Any CPU
		{3FF16AC8-5279-4A2F-8B60-C57F732E5573}.Release|Any CPU.Build.0 = Release|Any CPU
		{3FF16AC8-5279-4A2F-8B60-C57F732E5573}.Release|ARM.ActiveCfg = Release|Any CPU
		{3FF16AC8-5279-4A2F-8B60-C57F732E5573}.Release|ARM.Build.0 = Release|Any CPU
		{3FF16AC8-5279-4A2F-8B60-C57F732E5573}.Release|ARM64.ActiveCfg = Release|Any CPU
		{3FF16AC8-5279-4A2F-8B60-C57F732E5573}.Release|ARM64.Build.0 = Release|Any CPU
		{3FF16AC8-5279-4A2F-8B60-C57F732E5573}.Release|x64.ActiveCfg = Release|Any CPU
		{3FF16AC8-5279-4A2F-8B60-C57F732E5573}.Release|x64.Build.0 = Release|Any CPU
		{3FF16AC8-5279-4A2F-8B60-C57F732E5573}.Release|x86.ActiveCfg = Release|Any CPU
		{3FF16AC8-5279-4A2F-8B60-C57F732E5573}.Release|x86.Build.0 = Release|Any CPU
	EndGlobalSection
	GlobalSection(SolutionProperties) = preSolution
		HideSolutionNode = FALSE
	EndGlobalSection
	GlobalSection(NestedProjects) = preSolution
		{6BCCFD27-146C-4092-9B33-A2AEE9855B86} = {592072A2-B206-45EE-934C-B49AC2087075}
		{16B7BA95-D2F4-44AB-B95D-F99AC13B73BF} = {50A8CBA9-A7E3-4F7F-84A8-A37FB0262A2D}
		{F9D76D15-ECF8-4791-8764-BA51FBA4B9AB} = {98178941-35B1-4D32-98BF-331227279D53}
		{3FF16AC8-5279-4A2F-8B60-C57F732E5573} = {98178941-35B1-4D32-98BF-331227279D53}
	EndGlobalSection
	GlobalSection(ExtensibilityGlobals) = postSolution
		SolutionGuid = {6A3367E5-D29E-49CD-BB7F-CA24A7E5F728}
	EndGlobalSection
EndGlobal
